
Microsoft Visual Studio Solution File, Format Version 12.00
# Visual Studio 15
Project("{FAE04EC0-301F-11D3-BF4B-00C04F79EFBC}") = "Unity.ML-Agents", "Unity.ML-Agents.csproj", "{642F70DC-96E4-14B7-2775-B2AA242BFA34}"
EndProject
Project("{FAE04EC0-301F-11D3-BF4B-00C04F79EFBC}") = "Unity.Barracuda", "Unity.Barracuda.csproj", "{7EB623E1-C185-6E17-5B7D-1A958A5083D0}"
EndProject
Project("{FAE04EC0-301F-11D3-BF4B-00C04F79EFBC}") = "UnityEngine.TestRunner", "UnityEngine.TestRunner.csproj", "{E611E670-E3DF-F107-6D10-A9E104D7A043}"
EndProject
Project("{FAE04EC0-301F-11D3-BF4B-00C04F79EFBC}") = "Unity.Mathematics", "Unity.Mathematics.csproj", "{0FBCA797-9EA2-F175-CDDC-F22D3C81ACE0}"
EndProject
Project("{FAE04EC0-301F-11D3-BF4B-00C04F79EFBC}") = "Unity.Barracuda.ONNX", "Unity.Barracuda.ONNX.csproj", "{D4013F93-539C-CD5C-9749-F8BE5EF067AA}"
EndProject
Project("{FAE04EC0-301F-11D3-BF4B-00C04F79EFBC}") = "Unity.Timeline", "Unity.Timeline.csproj", "{6D4F3524-1969-B535-F225-39EAE041D63F}"
EndProject
Project("{FAE04EC0-301F-11D3-BF4B-00C04F79EFBC}") = "UnityEngine.UI", "UnityEngine.UI.csproj", "{DED9ABF9-C7B3-C903-9E58-9FED4B99CBC6}"
EndProject
Project("{FAE04EC0-301F-11D3-BF4B-00C04F79EFBC}") = "Unity.TextMeshPro", "Unity.TextMeshPro.csproj", "{F2FD89EA-3344-5A53-99ED-9AF0E1471ED6}"
EndProject
Project("{FAE04EC0-301F-11D3-BF4B-00C04F79EFBC}") = "Unity.Burst", "Unity.Burst.csproj", "{1634ADCF-A5E8-5ABF-467E-019A515ED135}"
EndProject
Project("{FAE04EC0-301F-11D3-BF4B-00C04F79EFBC}") = "Unity.ML-Agents.CommunicatorObjects", "Unity.ML-Agents.CommunicatorObjects.csproj", "{C3AEB914-BF20-3147-3220-175B676CB3AD}"
EndProject
Project("{FAE04EC0-301F-11D3-BF4B-00C04F79EFBC}") = "Assembly-CSharp", "Assembly-CSharp.csproj", "{69665F3A-37FD-EA5D-909B-C6440194FA1F}"
EndProject
Project("{FAE04EC0-301F-11D3-BF4B-00C04F79EFBC}") = "Unity.Barracuda.BurstBLAS", "Unity.Barracuda.BurstBLAS.csproj", "{585C9341-7C98-9B6C-A192-05593A5370A8}"
EndProject
Project("{FAE04EC0-301F-11D3-BF4B-00C04F79EFBC}") = "Unity.Barracuda.iOSBLAS", "Unity.Barracuda.iOSBLAS.csproj", "{574AC97C-09DD-3106-F28E-467E70FEEEB9}"
EndProject
Project("{FAE04EC0-301F-11D3-BF4B-00C04F79EFBC}") = "Unity.Barracuda.MacBLAS", "Unity.Barracuda.MacBLAS.csproj", "{64FBC1CB-B377-E662-88E8-CBFA8DE8B2A1}"
EndProject
Project("{FAE04EC0-301F-11D3-BF4B-00C04F79EFBC}") = "UnityEditor.TestRunner", "UnityEditor.TestRunner.csproj", "{DF2983B9-78C8-E9AD-52A8-25313A21E745}"
EndProject
Project("{FAE04EC0-301F-11D3-BF4B-00C04F79EFBC}") = "UnityEditor.UI", "UnityEditor.UI.csproj", "{06656800-9E75-ABA6-2FB6-1F20DB64A0F0}"
EndProject
Project("{FAE04EC0-301F-11D3-BF4B-00C04F79EFBC}") = "Unity.Timeline.Editor", "Unity.Timeline.Editor.csproj", "{478A18E3-192A-E490-107D-33342DB77012}"
EndProject
Project("{FAE04EC0-301F-11D3-BF4B-00C04F79EFBC}") = "Unity.VisualStudio.Editor", "Unity.VisualStudio.Editor.csproj", "{617AE4B7-2CC5-CAFD-699D-0E98587A4AA2}"
EndProject
Project("{FAE04EC0-301F-11D3-BF4B-00C04F79EFBC}") = "Unity.TextMeshPro.Editor", "Unity.TextMeshPro.Editor.csproj", "{2D771995-52A7-0A40-E57E-A7492292705F}"
EndProject
Project("{FAE04EC0-301F-11D3-BF4B-00C04F79EFBC}") = "Unity.CollabProxy.Editor", "Unity.CollabProxy.Editor.csproj", "{E3BB4447-FA39-91A4-377A-996C89F11690}"
EndProject
Project("{FAE04EC0-301F-11D3-BF4B-00C04F79EFBC}") = "Unity.Rider.Editor", "Unity.Rider.Editor.csproj", "{36D5F968-EF63-A5AF-3319-B2798DE7A843}"
EndProject
Project("{FAE04EC0-301F-11D3-BF4B-00C04F79EFBC}") = "Unity.Burst.Editor", "Unity.Burst.Editor.csproj", "{1996E846-E5FB-AF55-F1BC-00597161612C}"
EndProject
Project("{FAE04EC0-301F-11D3-BF4B-00C04F79EFBC}") = "Unity.2D.Sprite.Editor", "Unity.2D.Sprite.Editor.csproj", "{0925DEDE-6556-7C72-FBCA-A99EB1BEA5CA}"
EndProject
Project("{FAE04EC0-301F-11D3-BF4B-00C04F79EFBC}") = "Unity.VSCode.Editor", "Unity.VSCode.Editor.csproj", "{4ECA3EA9-EDA6-C91C-A19F-7052557DEA45}"
EndProject
Project("{FAE04EC0-301F-11D3-BF4B-00C04F79EFBC}") = "Unity.ML-Agents.Editor", "Unity.ML-Agents.Editor.csproj", "{A399B6DF-D958-660B-76DA-A49C7D1D2E86}"
EndProject
Project("{FAE04EC0-301F-11D3-BF4B-00C04F79EFBC}") = "Unity.Mathematics.Editor", "Unity.Mathematics.Editor.csproj", "{2572AC2E-5F8C-F6D2-9E2D-ED172EC82C76}"
EndProject
Project("{FAE04EC0-301F-11D3-BF4B-00C04F79EFBC}") = "Unity.Barracuda.Editor", "Unity.Barracuda.Editor.csproj", "{86BFE01F-9A81-CF6E-85BF-5FDB5E9E86E6}"
EndProject
Project("{FAE04EC0-301F-11D3-BF4B-00C04F79EFBC}") = "Unity.ML-Agents", "Unity.ML-Agents.Player.csproj", "{B2E6D276-1CEB-8F0B-A6FE-E33B6CD371AA}"
EndProject
Project("{FAE04EC0-301F-11D3-BF4B-00C04F79EFBC}") = "Unity.Barracuda", "Unity.Barracuda.Player.csproj", "{3C2713C1-B039-50E4-1C40-6AB1C285BDD7}"
EndProject
Project("{FAE04EC0-301F-11D3-BF4B-00C04F79EFBC}") = "UnityEngine.TestRunner", "UnityEngine.TestRunner.Player.csproj", "{DDA0D7A0-349B-B64B-A4B5-EC93EE16DF38}"
EndProject
Project("{FAE04EC0-301F-11D3-BF4B-00C04F79EFBC}") = "Unity.Mathematics", "Unity.Mathematics.Player.csproj", "{492A6D59-0761-0E8C-1E04-C1C1A72C5D54}"
EndProject
Project("{FAE04EC0-301F-11D3-BF4B-00C04F79EFBC}") = "Unity.Barracuda.ONNX", "Unity.Barracuda.ONNX.Player.csproj", "{A9F9B2A2-5D8C-7BAE-B92E-86D74CC149F3}"
EndProject
Project("{FAE04EC0-301F-11D3-BF4B-00C04F79EFBC}") = "Unity.Timeline", "Unity.Timeline.Player.csproj", "{C1FC178F-1482-82C5-A1BB-443EA568C32E}"
EndProject
Project("{FAE04EC0-301F-11D3-BF4B-00C04F79EFBC}") = "UnityEngine.UI", "UnityEngine.UI.Player.csproj", "{FB1DDB6C-3B93-F35C-EB32-8DE09611A825}"
EndProject
Project("{FAE04EC0-301F-11D3-BF4B-00C04F79EFBC}") = "Unity.TextMeshPro", "Unity.TextMeshPro.Player.csproj", "{F6A4E20C-CD86-A149-7EE1-1E09FBEAD2B1}"
EndProject
Project("{FAE04EC0-301F-11D3-BF4B-00C04F79EFBC}") = "Unity.Burst", "Unity.Burst.Player.csproj", "{3C05C300-77EA-5F4F-4B59-B007C4DABEDC}"
EndProject
Project("{FAE04EC0-301F-11D3-BF4B-00C04F79EFBC}") = "Unity.ML-Agents.CommunicatorObjects", "Unity.ML-Agents.CommunicatorObjects.Player.csproj", "{45554481-7094-B968-1069-889C67B6CE34}"
EndProject
Project("{FAE04EC0-301F-11D3-BF4B-00C04F79EFBC}") = "Assembly-CSharp", "Assembly-CSharp.Player.csproj", "{EA86285D-7FD2-052F-DA00-FFFC9AA576E0}"
EndProject
Project("{FAE04EC0-301F-11D3-BF4B-00C04F79EFBC}") = "Unity.Barracuda.BurstBLAS", "Unity.Barracuda.BurstBLAS.Player.csproj", "{38CC1199-1147-E443-4F5A-FF5AEEBD7F6D}"
EndProject
Global
	GlobalSection(SolutionConfigurationPlatforms) = preSolution
		Debug|Any CPU = Debug|Any CPU
		Release|Any CPU = Release|Any CPU
	EndGlobalSection
	GlobalSection(ProjectConfigurationPlatforms) = postSolution
		{642F70DC-96E4-14B7-2775-B2AA242BFA34}.Debug|Any CPU.ActiveCfg = Debug|Any CPU
		{642F70DC-96E4-14B7-2775-B2AA242BFA34}.Debug|Any CPU.Build.0 = Debug|Any CPU
		{642F70DC-96E4-14B7-2775-B2AA242BFA34}.Release|Any CPU.ActiveCfg = Release|Any CPU
		{642F70DC-96E4-14B7-2775-B2AA242BFA34}.Release|Any CPU.Build.0 = Release|Any CPU
		{7EB623E1-C185-6E17-5B7D-1A958A5083D0}.Debug|Any CPU.ActiveCfg = Debug|Any CPU
		{7EB623E1-C185-6E17-5B7D-1A958A5083D0}.Debug|Any CPU.Build.0 = Debug|Any CPU
		{7EB623E1-C185-6E17-5B7D-1A958A5083D0}.Release|Any CPU.ActiveCfg = Release|Any CPU
		{7EB623E1-C185-6E17-5B7D-1A958A5083D0}.Release|Any CPU.Build.0 = Release|Any CPU
		{E611E670-E3DF-F107-6D10-A9E104D7A043}.Debug|Any CPU.ActiveCfg = Debug|Any CPU
		{E611E670-E3DF-F107-6D10-A9E104D7A043}.Debug|Any CPU.Build.0 = Debug|Any CPU
		{E611E670-E3DF-F107-6D10-A9E104D7A043}.Release|Any CPU.ActiveCfg = Release|Any CPU
		{E611E670-E3DF-F107-6D10-A9E104D7A043}.Release|Any CPU.Build.0 = Release|Any CPU
		{0FBCA797-9EA2-F175-CDDC-F22D3C81ACE0}.Debug|Any CPU.ActiveCfg = Debug|Any CPU
		{0FBCA797-9EA2-F175-CDDC-F22D3C81ACE0}.Debug|Any CPU.Build.0 = Debug|Any CPU
		{0FBCA797-9EA2-F175-CDDC-F22D3C81ACE0}.Release|Any CPU.ActiveCfg = Release|Any CPU
		{0FBCA797-9EA2-F175-CDDC-F22D3C81ACE0}.Release|Any CPU.Build.0 = Release|Any CPU
		{D4013F93-539C-CD5C-9749-F8BE5EF067AA}.Debug|Any CPU.ActiveCfg = Debug|Any CPU
		{D4013F93-539C-CD5C-9749-F8BE5EF067AA}.Debug|Any CPU.Build.0 = Debug|Any CPU
		{D4013F93-539C-CD5C-9749-F8BE5EF067AA}.Release|Any CPU.ActiveCfg = Release|Any CPU
		{D4013F93-539C-CD5C-9749-F8BE5EF067AA}.Release|Any CPU.Build.0 = Release|Any CPU
		{6D4F3524-1969-B535-F225-39EAE041D63F}.Debug|Any CPU.ActiveCfg = Debug|Any CPU
		{6D4F3524-1969-B535-F225-39EAE041D63F}.Debug|Any CPU.Build.0 = Debug|Any CPU
		{6D4F3524-1969-B535-F225-39EAE041D63F}.Release|Any CPU.ActiveCfg = Release|Any CPU
		{6D4F3524-1969-B535-F225-39EAE041D63F}.Release|Any CPU.Build.0 = Release|Any CPU
		{DED9ABF9-C7B3-C903-9E58-9FED4B99CBC6}.Debug|Any CPU.ActiveCfg = Debug|Any CPU
		{DED9ABF9-C7B3-C903-9E58-9FED4B99CBC6}.Debug|Any CPU.Build.0 = Debug|Any CPU
		{DED9ABF9-C7B3-C903-9E58-9FED4B99CBC6}.Release|Any CPU.ActiveCfg = Release|Any CPU
		{DED9ABF9-C7B3-C903-9E58-9FED4B99CBC6}.Release|Any CPU.Build.0 = Release|Any CPU
		{F2FD89EA-3344-5A53-99ED-9AF0E1471ED6}.Debug|Any CPU.ActiveCfg = Debug|Any CPU
		{F2FD89EA-3344-5A53-99ED-9AF0E1471ED6}.Debug|Any CPU.Build.0 = Debug|Any CPU
		{F2FD89EA-3344-5A53-99ED-9AF0E1471ED6}.Release|Any CPU.ActiveCfg = Release|Any CPU
		{F2FD89EA-3344-5A53-99ED-9AF0E1471ED6}.Release|Any CPU.Build.0 = Release|Any CPU
		{1634ADCF-A5E8-5ABF-467E-019A515ED135}.Debug|Any CPU.ActiveCfg = Debug|Any CPU
		{1634ADCF-A5E8-5ABF-467E-019A515ED135}.Debug|Any CPU.Build.0 = Debug|Any CPU
		{1634ADCF-A5E8-5ABF-467E-019A515ED135}.Release|Any CPU.ActiveCfg = Release|Any CPU
		{1634ADCF-A5E8-5ABF-467E-019A515ED135}.Release|Any CPU.Build.0 = Release|Any CPU
		{C3AEB914-BF20-3147-3220-175B676CB3AD}.Debug|Any CPU.ActiveCfg = Debug|Any CPU
		{C3AEB914-BF20-3147-3220-175B676CB3AD}.Debug|Any CPU.Build.0 = Debug|Any CPU
		{C3AEB914-BF20-3147-3220-175B676CB3AD}.Release|Any CPU.ActiveCfg = Release|Any CPU
		{C3AEB914-BF20-3147-3220-175B676CB3AD}.Release|Any CPU.Build.0 = Release|Any CPU
		{69665F3A-37FD-EA5D-909B-C6440194FA1F}.Debug|Any CPU.ActiveCfg = Debug|Any CPU
		{69665F3A-37FD-EA5D-909B-C6440194FA1F}.Debug|Any CPU.Build.0 = Debug|Any CPU
		{69665F3A-37FD-EA5D-909B-C6440194FA1F}.Release|Any CPU.ActiveCfg = Release|Any CPU
		{69665F3A-37FD-EA5D-909B-C6440194FA1F}.Release|Any CPU.Build.0 = Release|Any CPU
		{585C9341-7C98-9B6C-A192-05593A5370A8}.Debug|Any CPU.ActiveCfg = Debug|Any CPU
		{585C9341-7C98-9B6C-A192-05593A5370A8}.Debug|Any CPU.Build.0 = Debug|Any CPU
		{585C9341-7C98-9B6C-A192-05593A5370A8}.Release|Any CPU.ActiveCfg = Release|Any CPU
		{585C9341-7C98-9B6C-A192-05593A5370A8}.Release|Any CPU.Build.0 = Release|Any CPU
		{574AC97C-09DD-3106-F28E-467E70FEEEB9}.Debug|Any CPU.ActiveCfg = Debug|Any CPU
		{574AC97C-09DD-3106-F28E-467E70FEEEB9}.Debug|Any CPU.Build.0 = Debug|Any CPU
		{574AC97C-09DD-3106-F28E-467E70FEEEB9}.Release|Any CPU.ActiveCfg = Release|Any CPU
		{574AC97C-09DD-3106-F28E-467E70FEEEB9}.Release|Any CPU.Build.0 = Release|Any CPU
		{64FBC1CB-B377-E662-88E8-CBFA8DE8B2A1}.Debug|Any CPU.ActiveCfg = Debug|Any CPU
		{64FBC1CB-B377-E662-88E8-CBFA8DE8B2A1}.Debug|Any CPU.Build.0 = Debug|Any CPU
		{64FBC1CB-B377-E662-88E8-CBFA8DE8B2A1}.Release|Any CPU.ActiveCfg = Release|Any CPU
		{64FBC1CB-B377-E662-88E8-CBFA8DE8B2A1}.Release|Any CPU.Build.0 = Release|Any CPU
		{DF2983B9-78C8-E9AD-52A8-25313A21E745}.Debug|Any CPU.ActiveCfg = Debug|Any CPU
		{DF2983B9-78C8-E9AD-52A8-25313A21E745}.Debug|Any CPU.Build.0 = Debug|Any CPU
		{DF2983B9-78C8-E9AD-52A8-25313A21E745}.Release|Any CPU.ActiveCfg = Release|Any CPU
		{DF2983B9-78C8-E9AD-52A8-25313A21E745}.Release|Any CPU.Build.0 = Release|Any CPU
		{06656800-9E75-ABA6-2FB6-1F20DB64A0F0}.Debug|Any CPU.ActiveCfg = Debug|Any CPU
		{06656800-9E75-ABA6-2FB6-1F20DB64A0F0}.Debug|Any CPU.Build.0 = Debug|Any CPU
		{06656800-9E75-ABA6-2FB6-1F20DB64A0F0}.Release|Any CPU.ActiveCfg = Release|Any CPU
		{06656800-9E75-ABA6-2FB6-1F20DB64A0F0}.Release|Any CPU.Build.0 = Release|Any CPU
		{478A18E3-192A-E490-107D-33342DB77012}.Debug|Any CPU.ActiveCfg = Debug|Any CPU
		{478A18E3-192A-E490-107D-33342DB77012}.Debug|Any CPU.Build.0 = Debug|Any CPU
		{478A18E3-192A-E490-107D-33342DB77012}.Release|Any CPU.ActiveCfg = Release|Any CPU
		{478A18E3-192A-E490-107D-33342DB77012}.Release|Any CPU.Build.0 = Release|Any CPU
		{617AE4B7-2CC5-CAFD-699D-0E98587A4AA2}.Debug|Any CPU.ActiveCfg = Debug|Any CPU
		{617AE4B7-2CC5-CAFD-699D-0E98587A4AA2}.Debug|Any CPU.Build.0 = Debug|Any CPU
		{617AE4B7-2CC5-CAFD-699D-0E98587A4AA2}.Release|Any CPU.ActiveCfg = Release|Any CPU
		{617AE4B7-2CC5-CAFD-699D-0E98587A4AA2}.Release|Any CPU.Build.0 = Release|Any CPU
		{2D771995-52A7-0A40-E57E-A7492292705F}.Debug|Any CPU.ActiveCfg = Debug|Any CPU
		{2D771995-52A7-0A40-E57E-A7492292705F}.Debug|Any CPU.Build.0 = Debug|Any CPU
		{2D771995-52A7-0A40-E57E-A7492292705F}.Release|Any CPU.ActiveCfg = Release|Any CPU
		{2D771995-52A7-0A40-E57E-A7492292705F}.Release|Any CPU.Build.0 = Release|Any CPU
		{E3BB4447-FA39-91A4-377A-996C89F11690}.Debug|Any CPU.ActiveCfg = Debug|Any CPU
		{E3BB4447-FA39-91A4-377A-996C89F11690}.Debug|Any CPU.Build.0 = Debug|Any CPU
		{E3BB4447-FA39-91A4-377A-996C89F11690}.Release|Any CPU.ActiveCfg = Release|Any CPU
		{E3BB4447-FA39-91A4-377A-996C89F11690}.Release|Any CPU.Build.0 = Release|Any CPU
		{36D5F968-EF63-A5AF-3319-B2798DE7A843}.Debug|Any CPU.ActiveCfg = Debug|Any CPU
		{36D5F968-EF63-A5AF-3319-B2798DE7A843}.Debug|Any CPU.Build.0 = Debug|Any CPU
		{36D5F968-EF63-A5AF-3319-B2798DE7A843}.Release|Any CPU.ActiveCfg = Release|Any CPU
		{36D5F968-EF63-A5AF-3319-B2798DE7A843}.Release|Any CPU.Build.0 = Release|Any CPU
		{1996E846-E5FB-AF55-F1BC-00597161612C}.Debug|Any CPU.ActiveCfg = Debug|Any CPU
		{1996E846-E5FB-AF55-F1BC-00597161612C}.Debug|Any CPU.Build.0 = Debug|Any CPU
		{1996E846-E5FB-AF55-F1BC-00597161612C}.Release|Any CPU.ActiveCfg = Release|Any CPU
		{1996E846-E5FB-AF55-F1BC-00597161612C}.Release|Any CPU.Build.0 = Release|Any CPU
		{0925DEDE-6556-7C72-FBCA-A99EB1BEA5CA}.Debug|Any CPU.ActiveCfg = Debug|Any CPU
		{0925DEDE-6556-7C72-FBCA-A99EB1BEA5CA}.Debug|Any CPU.Build.0 = Debug|Any CPU
		{0925DEDE-6556-7C72-FBCA-A99EB1BEA5CA}.Release|Any CPU.ActiveCfg = Release|Any CPU
		{0925DEDE-6556-7C72-FBCA-A99EB1BEA5CA}.Release|Any CPU.Build.0 = Release|Any CPU
		{4ECA3EA9-EDA6-C91C-A19F-7052557DEA45}.Debug|Any CPU.ActiveCfg = Debug|Any CPU
		{4ECA3EA9-EDA6-C91C-A19F-7052557DEA45}.Debug|Any CPU.Build.0 = Debug|Any CPU
		{4ECA3EA9-EDA6-C91C-A19F-7052557DEA45}.Release|Any CPU.ActiveCfg = Release|Any CPU
		{4ECA3EA9-EDA6-C91C-A19F-7052557DEA45}.Release|Any CPU.Build.0 = Release|Any CPU
		{A399B6DF-D958-660B-76DA-A49C7D1D2E86}.Debug|Any CPU.ActiveCfg = Debug|Any CPU
		{A399B6DF-D958-660B-76DA-A49C7D1D2E86}.Debug|Any CPU.Build.0 = Debug|Any CPU
		{A399B6DF-D958-660B-76DA-A49C7D1D2E86}.Release|Any CPU.ActiveCfg = Release|Any CPU
		{A399B6DF-D958-660B-76DA-A49C7D1D2E86}.Release|Any CPU.Build.0 = Release|Any CPU
		{2572AC2E-5F8C-F6D2-9E2D-ED172EC82C76}.Debug|Any CPU.ActiveCfg = Debug|Any CPU
		{2572AC2E-5F8C-F6D2-9E2D-ED172EC82C76}.Debug|Any CPU.Build.0 = Debug|Any CPU
		{2572AC2E-5F8C-F6D2-9E2D-ED172EC82C76}.Release|Any CPU.ActiveCfg = Release|Any CPU
		{2572AC2E-5F8C-F6D2-9E2D-ED172EC82C76}.Release|Any CPU.Build.0 = Release|Any CPU
		{86BFE01F-9A81-CF6E-85BF-5FDB5E9E86E6}.Debug|Any CPU.ActiveCfg = Debug|Any CPU
		{86BFE01F-9A81-CF6E-85BF-5FDB5E9E86E6}.Debug|Any CPU.Build.0 = Debug|Any CPU
		{86BFE01F-9A81-CF6E-85BF-5FDB5E9E86E6}.Release|Any CPU.ActiveCfg = Release|Any CPU
		{86BFE01F-9A81-CF6E-85BF-5FDB5E9E86E6}.Release|Any CPU.Build.0 = Release|Any CPU
		{B2E6D276-1CEB-8F0B-A6FE-E33B6CD371AA}.Debug|Any CPU.ActiveCfg = Debug|Any CPU
		{B2E6D276-1CEB-8F0B-A6FE-E33B6CD371AA}.Debug|Any CPU.Build.0 = Debug|Any CPU
		{B2E6D276-1CEB-8F0B-A6FE-E33B6CD371AA}.Release|Any CPU.ActiveCfg = Release|Any CPU
		{B2E6D276-1CEB-8F0B-A6FE-E33B6CD371AA}.Release|Any CPU.Build.0 = Release|Any CPU
		{3C2713C1-B039-50E4-1C40-6AB1C285BDD7}.Debug|Any CPU.ActiveCfg = Debug|Any CPU
		{3C2713C1-B039-50E4-1C40-6AB1C285BDD7}.Debug|Any CPU.Build.0 = Debug|Any CPU
		{3C2713C1-B039-50E4-1C40-6AB1C285BDD7}.Release|Any CPU.ActiveCfg = Release|Any CPU
		{3C2713C1-B039-50E4-1C40-6AB1C285BDD7}.Release|Any CPU.Build.0 = Release|Any CPU
		{DDA0D7A0-349B-B64B-A4B5-EC93EE16DF38}.Debug|Any CPU.ActiveCfg = Debug|Any CPU
		{DDA0D7A0-349B-B64B-A4B5-EC93EE16DF38}.Debug|Any CPU.Build.0 = Debug|Any CPU
		{DDA0D7A0-349B-B64B-A4B5-EC93EE16DF38}.Release|Any CPU.ActiveCfg = Release|Any CPU
		{DDA0D7A0-349B-B64B-A4B5-EC93EE16DF38}.Release|Any CPU.Build.0 = Release|Any CPU
		{492A6D59-0761-0E8C-1E04-C1C1A72C5D54}.Debug|Any CPU.ActiveCfg = Debug|Any CPU
		{492A6D59-0761-0E8C-1E04-C1C1A72C5D54}.Debug|Any CPU.Build.0 = Debug|Any CPU
		{492A6D59-0761-0E8C-1E04-C1C1A72C5D54}.Release|Any CPU.ActiveCfg = Release|Any CPU
		{492A6D59-0761-0E8C-1E04-C1C1A72C5D54}.Release|Any CPU.Build.0 = Release|Any CPU
		{A9F9B2A2-5D8C-7BAE-B92E-86D74CC149F3}.Debug|Any CPU.ActiveCfg = Debug|Any CPU
		{A9F9B2A2-5D8C-7BAE-B92E-86D74CC149F3}.Debug|Any CPU.Build.0 = Debug|Any CPU
		{A9F9B2A2-5D8C-7BAE-B92E-86D74CC149F3}.Release|Any CPU.ActiveCfg = Release|Any CPU
		{A9F9B2A2-5D8C-7BAE-B92E-86D74CC149F3}.Release|Any CPU.Build.0 = Release|Any CPU
		{C1FC178F-1482-82C5-A1BB-443EA568C32E}.Debug|Any CPU.ActiveCfg = Debug|Any CPU
		{C1FC178F-1482-82C5-A1BB-443EA568C32E}.Debug|Any CPU.Build.0 = Debug|Any CPU
		{C1FC178F-1482-82C5-A1BB-443EA568C32E}.Release|Any CPU.ActiveCfg = Release|Any CPU
		{C1FC178F-1482-82C5-A1BB-443EA568C32E}.Release|Any CPU.Build.0 = Release|Any CPU
		{FB1DDB6C-3B93-F35C-EB32-8DE09611A825}.Debug|Any CPU.ActiveCfg = Debug|Any CPU
		{FB1DDB6C-3B93-F35C-EB32-8DE09611A825}.Debug|Any CPU.Build.0 = Debug|Any CPU
		{FB1DDB6C-3B93-F35C-EB32-8DE09611A825}.Release|Any CPU.ActiveCfg = Release|Any CPU
		{FB1DDB6C-3B93-F35C-EB32-8DE09611A825}.Release|Any CPU.Build.0 = Release|Any CPU
		{F6A4E20C-CD86-A149-7EE1-1E09FBEAD2B1}.Debug|Any CPU.ActiveCfg = Debug|Any CPU
		{F6A4E20C-CD86-A149-7EE1-1E09FBEAD2B1}.Debug|Any CPU.Build.0 = Debug|Any CPU
		{F6A4E20C-CD86-A149-7EE1-1E09FBEAD2B1}.Release|Any CPU.ActiveCfg = Release|Any CPU
		{F6A4E20C-CD86-A149-7EE1-1E09FBEAD2B1}.Release|Any CPU.Build.0 = Release|Any CPU
		{3C05C300-77EA-5F4F-4B59-B007C4DABEDC}.Debug|Any CPU.ActiveCfg = Debug|Any CPU
		{3C05C300-77EA-5F4F-4B59-B007C4DABEDC}.Debug|Any CPU.Build.0 = Debug|Any CPU
		{3C05C300-77EA-5F4F-4B59-B007C4DABEDC}.Release|Any CPU.ActiveCfg = Release|Any CPU
		{3C05C300-77EA-5F4F-4B59-B007C4DABEDC}.Release|Any CPU.Build.0 = Release|Any CPU
		{45554481-7094-B968-1069-889C67B6CE34}.Debug|Any CPU.ActiveCfg = Debug|Any CPU
		{45554481-7094-B968-1069-889C67B6CE34}.Debug|Any CPU.Build.0 = Debug|Any CPU
		{45554481-7094-B968-1069-889C67B6CE34}.Release|Any CPU.ActiveCfg = Release|Any CPU
		{45554481-7094-B968-1069-889C67B6CE34}.Release|Any CPU.Build.0 = Release|Any CPU
		{EA86285D-7FD2-052F-DA00-FFFC9AA576E0}.Debug|Any CPU.ActiveCfg = Debug|Any CPU
		{EA86285D-7FD2-052F-DA00-FFFC9AA576E0}.Debug|Any CPU.Build.0 = Debug|Any CPU
		{EA86285D-7FD2-052F-DA00-FFFC9AA576E0}.Release|Any CPU.ActiveCfg = Release|Any CPU
		{EA86285D-7FD2-052F-DA00-FFFC9AA576E0}.Release|Any CPU.Build.0 = Release|Any CPU
		{38CC1199-1147-E443-4F5A-FF5AEEBD7F6D}.Debug|Any CPU.ActiveCfg = Debug|Any CPU
		{38CC1199-1147-E443-4F5A-FF5AEEBD7F6D}.Debug|Any CPU.Build.0 = Debug|Any CPU
		{38CC1199-1147-E443-4F5A-FF5AEEBD7F6D}.Release|Any CPU.ActiveCfg = Release|Any CPU
		{38CC1199-1147-E443-4F5A-FF5AEEBD7F6D}.Release|Any CPU.Build.0 = Release|Any CPU
	EndGlobalSection
	GlobalSection(SolutionProperties) = preSolution
		HideSolutionNode = FALSE
	EndGlobalSection
EndGlobal
